<?xml version="1.0" encoding="utf-8"?>
<Project ToolsVersion="4.0" xmlns="http://schemas.microsoft.com/developer/msbuild/2003">
  <ItemGroup>
    <Filter Include="File di origine">
      <UniqueIdentifier>{4FC737F1-C7A5-4376-A066-2A32D752A2FF}</UniqueIdentifier>
      <Extensions>cpp;c;cc;cxx;c++;cppm;ixx;def;odl;idl;hpj;bat;asm;asmx</Extensions>
    </Filter>
    <Filter Include="File di intestazione">
      <UniqueIdentifier>{93995380-89BD-4b04-88EB-625FBE52EBFB}</UniqueIdentifier>
      <Extensions>h;hh;hpp;hxx;h++;hm;inl;inc;ipp;xsd</Extensions>
    </Filter>
    <Filter Include="File di risorse">
      <UniqueIdentifier>{67DA6AB6-F800-4c08-8B7A-83BB121AAD01}</UniqueIdentifier>
      <Extensions>rc;ico;cur;bmp;dlg;rc2;rct;bin;rgs;gif;jpg;jpeg;jpe;resx;tiff;tif;png;wav;mfcribbon-ms</Extensions>
    </Filter>
  </ItemGroup>
  <ItemGroup>
    <ClCompile Include="src\Events\Input.cpp">
      <Filter>File di origine</Filter>
    </ClCompile>
    <ClCompile Include="src\Graphics\Buffer.cpp">
      <Filter>File di origine</Filter>
    </ClCompile>
    <ClCompile Include="src\Graphics\Layout.cpp">
      <Filter>File di origine</Filter>
    </ClCompile>
    <ClCompile Include="src\Graphics\Render.cpp">
      <Filter>File di origine</Filter>
    </ClCompile>
    <ClCompile Include="src\Graphics\Shader.cpp">
      <Filter>File di origine</Filter>
    </ClCompile>
    <ClCompile Include="src\Graphics\VertexArray.cpp">
      <Filter>File di origine</Filter>
    </ClCompile>
    <ClCompile Include="src\Graphics\OrthoCam.cpp">
      <Filter>File di origine</Filter>
    </ClCompile>
    <ClCompile Include="src\Core\Window.cpp">
      <Filter>File di origine</Filter>
    </ClCompile>
    <ClCompile Include="src\Core\TimeStep.cpp">
      <Filter>File di origine</Filter>
    </ClCompile>
    <ClCompile Include="src\Graphics\2DShapes\Polygon.cpp">
      <Filter>File di origine</Filter>
    </ClCompile>
    <ClCompile Include="src\Graphics\2DShapes\Triangle.cpp">
      <Filter>File di origine</Filter>
    </ClCompile>
    <ClCompile Include="src\Graphics\2DShapes\Quad.cpp">
      <Filter>File di origine</Filter>
    </ClCompile>
    <ClCompile Include="src\Graphics\2DShapes\Circle.cpp">
      <Filter>File di origine</Filter>
    </ClCompile>
  </ItemGroup>
  <ItemGroup>
    <ClInclude Include="src\Events\Event.h">
      <Filter>File di intestazione</Filter>
    </ClInclude>
    <ClInclude Include="src\Events\WindowEvent.h">
      <Filter>File di intestazione</Filter>
    </ClInclude>
    <ClInclude Include="src\Events\KeyEvent.h">
      <Filter>File di intestazione</Filter>
    </ClInclude>
    <ClInclude Include="src\Events\MouseEvent.h">
      <Filter>File di intestazione</Filter>
    </ClInclude>
    <ClInclude Include="src\Events\KeyCodes.h">
      <Filter>File di intestazione</Filter>
    </ClInclude>
    <ClInclude Include="src\Events\MouseCodes.h">
      <Filter>File di intestazione</Filter>
    </ClInclude>
    <ClInclude Include="src\Events\Input.h">
      <Filter>File di intestazione</Filter>
    </ClInclude>
    <ClInclude Include="src\Graphics\Buffer.h">
      <Filter>File di intestazione</Filter>
    </ClInclude>
    <ClInclude Include="src\Graphics\Layout.h">
      <Filter>File di intestazione</Filter>
    </ClInclude>
    <ClInclude Include="src\Graphics\Render.h">
      <Filter>File di intestazione</Filter>
    </ClInclude>
    <ClInclude Include="src\Graphics\Shader.h">
      <Filter>File di intestazione</Filter>
    </ClInclude>
    <ClInclude Include="src\Graphics\VertexArray.h">
      <Filter>File di intestazione</Filter>
    </ClInclude>
    <ClInclude Include="src\Graphics\OrthoCam.h">
      <Filter>File di intestazione</Filter>
    </ClInclude>
    <ClInclude Include="src\Core\Window.h">
      <Filter>File di intestazione</Filter>
    </ClInclude>
    <ClInclude Include="src\Core\Core.h">
      <Filter>File di intestazione</Filter>
    </ClInclude>
    <ClInclude Include="src\Core\TimeStep.h">
      <Filter>File di intestazione</Filter>
    </ClInclude>
    <ClInclude Include="src\Engine.h">
      <Filter>File di intestazione</Filter>
    </ClInclude>
    <ClInclude Include="src\Graphics\2DShapes\Shapes.h">
      <Filter>File di intestazione</Filter>
    </ClInclude>
  </ItemGroup>
  <ItemGroup>
    <FxCompile Include="shaders\shader.hlsl" />
  </ItemGroup>
</Project>